
Microsoft Visual Studio Solution File, Format Version 12.00
# Visual Studio 15
VisualStudioVersion = 15.0.28010.2036
MinimumVisualStudioVersion = 10.0.40219.1
Project("{9A19103F-16F7-4668-BE54-9A1E7A4F7556}") = "ConsoleUtils", "ConsoleUtils\ConsoleUtils.csproj", "{2A6B72D3-3205-4614-A6D4-FD156BCE7D12}"
EndProject
Project("{9A19103F-16F7-4668-BE54-9A1E7A4F7556}") = "ConsoleUtils.Tests", "ConsoleUtils.Tests\ConsoleUtils.Tests.csproj", "{81E61D26-82F9-482A-ABBF-B4AB3E10272D}"
EndProject
Global
	GlobalSection(SolutionConfigurationPlatforms) = preSolution
		Debug|Any CPU = Debug|Any CPU
		Release|Any CPU = Release|Any CPU
	EndGlobalSection
	GlobalSection(ProjectConfigurationPlatforms) = postSolution
		{2A6B72D3-3205-4614-A6D4-FD156BCE7D12}.Debug|Any CPU.ActiveCfg = Debug|Any CPU
		{2A6B72D3-3205-4614-A6D4-FD156BCE7D12}.Debug|Any CPU.Build.0 = Debug|Any CPU
		{2A6B72D3-3205-4614-A6D4-FD156BCE7D12}.Release|Any CPU.ActiveCfg = Release|Any CPU
		{2A6B72D3-3205-4614-A6D4-FD156BCE7D12}.Release|Any CPU.Build.0 = Release|Any CPU
		{81E61D26-82F9-482A-ABBF-B4AB3E10272D}.Debug|Any CPU.ActiveCfg = Debug|Any CPU
		{81E61D26-82F9-482A-ABBF-B4AB3E10272D}.Debug|Any CPU.Build.0 = Debug|Any CPU
		{81E61D26-82F9-482A-ABBF-B4AB3E10272D}.Release|Any CPU.ActiveCfg = Release|Any CPU
		{81E61D26-82F9-482A-ABBF-B4AB3E10272D}.Release|Any CPU.Build.0 = Release|Any CPU
	EndGlobalSection
	GlobalSection(SolutionProperties) = preSolution
		HideSolutionNode = FALSE
	EndGlobalSection
	GlobalSection(ExtensibilityGlobals) = postSolution
		SolutionGuid = {4BDB1EF7-6135-4540-ABA9-98BBA33E0EC2}
	EndGlobalSection
EndGlobal
